// !$*UTF8*$!
{
	archiveVersion = 1;
	classes = {
	};
	objectVersion = 48;
	objects = {

/* Begin PBXBuildFile section */
		5FA8946420054061009D80A3 /* AppDelegate.swift in Sources */ = {isa = PBXBuildFile; fileRef = 5FA8946320054061009D80A3 /* AppDelegate.swift */; };
		5FA8946920054061009D80A3 /* Main.storyboard in Resources */ = {isa = PBXBuildFile; fileRef = 5FA8946720054061009D80A3 /* Main.storyboard */; };
		5FA8946B20054061009D80A3 /* Assets.xcassets in Resources */ = {isa = PBXBuildFile; fileRef = 5FA8946A20054061009D80A3 /* Assets.xcassets */; };
		5FA8946E20054061009D80A3 /* LaunchScreen.storyboard in Resources */ = {isa = PBXBuildFile; fileRef = 5FA8946C20054061009D80A3 /* LaunchScreen.storyboard */; };
		5FA8947C20054A29009D80A3 /* APIManager.swift in Sources */ = {isa = PBXBuildFile; fileRef = 5FA8947B20054A29009D80A3 /* APIManager.swift */; };
		5FA8948220054B4B009D80A3 /* WeatherService.swift in Sources */ = {isa = PBXBuildFile; fileRef = 5FA8948120054B4B009D80A3 /* WeatherService.swift */; };
		5FA8948620055295009D80A3 /* GeoCoordinate.swift in Sources */ = {isa = PBXBuildFile; fileRef = 5FA8948520055295009D80A3 /* GeoCoordinate.swift */; };
		5FA894882005536A009D80A3 /* Weather.swift in Sources */ = {isa = PBXBuildFile; fileRef = 5FA894872005536A009D80A3 /* Weather.swift */; };
		5FA8948A20057504009D80A3 /* MainViewController.swift in Sources */ = {isa = PBXBuildFile; fileRef = 5FA8948920057504009D80A3 /* MainViewController.swift */; };
		5FA8948E20057B4C009D80A3 /* WeatherError.swift in Sources */ = {isa = PBXBuildFile; fileRef = 5FA8948D20057B4C009D80A3 /* WeatherError.swift */; };
		684F4497C2817099B02BDFC1 /* Pods_WeatherApp.framework in Frameworks */ = {isa = PBXBuildFile; fileRef = 11CDED5F5177E0B5B8A59E78 /* Pods_WeatherApp.framework */; };
/* End PBXBuildFile section */

/* Begin PBXFileReference section */
		11CDED5F5177E0B5B8A59E78 /* Pods_WeatherApp.framework */ = {isa = PBXFileReference; explicitFileType = wrapper.framework; includeInIndex = 0; path = Pods_WeatherApp.framework; sourceTree = BUILT_PRODUCTS_DIR; };
		5FA8946020054061009D80A3 /* WeatherApp.app */ = {isa = PBXFileReference; explicitFileType = wrapper.application; includeInIndex = 0; path = WeatherApp.app; sourceTree = BUILT_PRODUCTS_DIR; };
		5FA8946320054061009D80A3 /* AppDelegate.swift */ = {isa = PBXFileReference; lastKnownFileType = sourcecode.swift; path = AppDelegate.swift; sourceTree = "<group>"; };
		5FA8946820054061009D80A3 /* Base */ = {isa = PBXFileReference; lastKnownFileType = file.storyboard; name = Base; path = Base.lproj/Main.storyboard; sourceTree = "<group>"; };
		5FA8946A20054061009D80A3 /* Assets.xcassets */ = {isa = PBXFileReference; lastKnownFileType = folder.assetcatalog; path = Assets.xcassets; sourceTree = "<group>"; };
		5FA8946D20054061009D80A3 /* Base */ = {isa = PBXFileReference; lastKnownFileType = file.storyboard; name = Base; path = Base.lproj/LaunchScreen.storyboard; sourceTree = "<group>"; };
		5FA8946F20054061009D80A3 /* Info.plist */ = {isa = PBXFileReference; lastKnownFileType = text.plist.xml; path = Info.plist; sourceTree = "<group>"; };
		5FA8947B20054A29009D80A3 /* APIManager.swift */ = {isa = PBXFileReference; lastKnownFileType = sourcecode.swift; path = APIManager.swift; sourceTree = "<group>"; };
		5FA8948120054B4B009D80A3 /* WeatherService.swift */ = {isa = PBXFileReference; lastKnownFileType = sourcecode.swift; path = WeatherService.swift; sourceTree = "<group>"; };
		5FA8948520055295009D80A3 /* GeoCoordinate.swift */ = {isa = PBXFileReference; lastKnownFileType = sourcecode.swift; path = GeoCoordinate.swift; sourceTree = "<group>"; };
		5FA894872005536A009D80A3 /* Weather.swift */ = {isa = PBXFileReference; lastKnownFileType = sourcecode.swift; path = Weather.swift; sourceTree = "<group>"; };
		5FA8948920057504009D80A3 /* MainViewController.swift */ = {isa = PBXFileReference; lastKnownFileType = sourcecode.swift; path = MainViewController.swift; sourceTree = "<group>"; };
		5FA8948D20057B4C009D80A3 /* WeatherError.swift */ = {isa = PBXFileReference; lastKnownFileType = sourcecode.swift; path = WeatherError.swift; sourceTree = "<group>"; };
		8CAAC6034D8D3CE3CFD742D7 /* Pods-WeatherApp.release.xcconfig */ = {isa = PBXFileReference; includeInIndex = 1; lastKnownFileType = text.xcconfig; name = "Pods-WeatherApp.release.xcconfig"; path = "Pods/Target Support Files/Pods-WeatherApp/Pods-WeatherApp.release.xcconfig"; sourceTree = "<group>"; };
		D5FEAEF5A0C3A9C8FF40DDA7 /* Pods-WeatherApp.debug.xcconfig */ = {isa = PBXFileReference; includeInIndex = 1; lastKnownFileType = text.xcconfig; name = "Pods-WeatherApp.debug.xcconfig"; path = "Pods/Target Support Files/Pods-WeatherApp/Pods-WeatherApp.debug.xcconfig"; sourceTree = "<group>"; };
/* End PBXFileReference section */

/* Begin PBXFrameworksBuildPhase section */
		5FA8945D20054061009D80A3 /* Frameworks */ = {
			isa = PBXFrameworksBuildPhase;
			buildActionMask = 2147483647;
			files = (
				684F4497C2817099B02BDFC1 /* Pods_WeatherApp.framework in Frameworks */,
			);
			runOnlyForDeploymentPostprocessing = 0;
		};
/* End PBXFrameworksBuildPhase section */

/* Begin PBXGroup section */
		5FA8945720054061009D80A3 = {
			isa = PBXGroup;
			children = (
				5FA8946220054061009D80A3 /* WeatherApp */,
				5FA8946120054061009D80A3 /* Products */,
				8C9078A4057ECA26E65BA91D /* Pods */,
				B6C54C0F7A991F906BA0BB69 /* Frameworks */,
			);
			sourceTree = "<group>";
		};
		5FA8946120054061009D80A3 /* Products */ = {
			isa = PBXGroup;
			children = (
				5FA8946020054061009D80A3 /* WeatherApp.app */,
			);
			name = Products;
			sourceTree = "<group>";
		};
		5FA8946220054061009D80A3 /* WeatherApp */ = {
			isa = PBXGroup;
			children = (
				5FA8947A20054557009D80A3 /* API */,
				5FA894782005453C009D80A3 /* Controllers */,
				5FA8947720054536009D80A3 /* Views */,
				5FA8947520054526009D80A3 /* Models */,
				5FA8946320054061009D80A3 /* AppDelegate.swift */,
				5FA8946720054061009D80A3 /* Main.storyboard */,
				5FA8946A20054061009D80A3 /* Assets.xcassets */,
				5FA8946C20054061009D80A3 /* LaunchScreen.storyboard */,
				5FA8946F20054061009D80A3 /* Info.plist */,
			);
			path = WeatherApp;
			sourceTree = "<group>";
		};
		5FA8947520054526009D80A3 /* Models */ = {
			isa = PBXGroup;
			children = (
				5FA8948520055295009D80A3 /* GeoCoordinate.swift */,
				5FA894872005536A009D80A3 /* Weather.swift */,
				5FA8948D20057B4C009D80A3 /* WeatherError.swift */,
			);
			path = Models;
			sourceTree = "<group>";
		};
		5FA8947720054536009D80A3 /* Views */ = {
			isa = PBXGroup;
			children = (
			);
			path = Views;
			sourceTree = "<group>";
		};
		5FA894782005453C009D80A3 /* Controllers */ = {
			isa = PBXGroup;
			children = (
				5FA8948920057504009D80A3 /* MainViewController.swift */,
			);
			path = Controllers;
			sourceTree = "<group>";
		};
		5FA8947A20054557009D80A3 /* API */ = {
			isa = PBXGroup;
			children = (
				5FA8947F20054B21009D80A3 /* Services */,
				5FA8947B20054A29009D80A3 /* APIManager.swift */,
			);
			path = API;
			sourceTree = "<group>";
		};
		5FA8947F20054B21009D80A3 /* Services */ = {
			isa = PBXGroup;
			children = (
				5FA8948120054B4B009D80A3 /* WeatherService.swift */,
			);
			path = Services;
			sourceTree = "<group>";
		};
		8C9078A4057ECA26E65BA91D /* Pods */ = {
			isa = PBXGroup;
			children = (
				D5FEAEF5A0C3A9C8FF40DDA7 /* Pods-WeatherApp.debug.xcconfig */,
				8CAAC6034D8D3CE3CFD742D7 /* Pods-WeatherApp.release.xcconfig */,
			);
			name = Pods;
			sourceTree = "<group>";
		};
		B6C54C0F7A991F906BA0BB69 /* Frameworks */ = {
			isa = PBXGroup;
			children = (
				11CDED5F5177E0B5B8A59E78 /* Pods_WeatherApp.framework */,
			);
			name = Frameworks;
			sourceTree = "<group>";
		};
/* End PBXGroup section */

/* Begin PBXNativeTarget section */
		5FA8945F20054061009D80A3 /* WeatherApp */ = {
			isa = PBXNativeTarget;
			buildConfigurationList = 5FA8947220054061009D80A3 /* Build configuration list for PBXNativeTarget "WeatherApp" */;
			buildPhases = (
				2D28D1216C08D563C511FD18 /* [CP] Check Pods Manifest.lock */,
				5FA8945C20054061009D80A3 /* Sources */,
				5FA8945D20054061009D80A3 /* Frameworks */,
				5FA8945E20054061009D80A3 /* Resources */,
				6909EE7191A2F90B71211BC2 /* [CP] Embed Pods Frameworks */,
				68D155269856214371F39699 /* [CP] Copy Pods Resources */,
			);
			buildRules = (
			);
			dependencies = (
			);
			name = WeatherApp;
			productName = WeatherApp;
			productReference = 5FA8946020054061009D80A3 /* WeatherApp.app */;
			productType = "com.apple.product-type.application";
		};
/* End PBXNativeTarget section */

/* Begin PBXProject section */
		5FA8945820054061009D80A3 /* Project object */ = {
			isa = PBXProject;
			attributes = {
				LastSwiftUpdateCheck = 0920;
				LastUpgradeCheck = 0920;
				ORGANIZATIONNAME = "Claudia Carrillo";
				TargetAttributes = {
					5FA8945F20054061009D80A3 = {
						CreatedOnToolsVersion = 9.2;
						ProvisioningStyle = Automatic;
					};
				};
			};
			buildConfigurationList = 5FA8945B20054061009D80A3 /* Build configuration list for PBXProject "WeatherApp" */;
			compatibilityVersion = "Xcode 8.0";
			developmentRegion = en;
			hasScannedForEncodings = 0;
			knownRegions = (
				en,
				Base,
			);
			mainGroup = 5FA8945720054061009D80A3;
			productRefGroup = 5FA8946120054061009D80A3 /* Products */;
			projectDirPath = "";
			projectRoot = "";
			targets = (
				5FA8945F20054061009D80A3 /* WeatherApp */,
			);
		};
/* End PBXProject section */

/* Begin PBXResourcesBuildPhase section */
		5FA8945E20054061009D80A3 /* Resources */ = {
			isa = PBXResourcesBuildPhase;
			buildActionMask = 2147483647;
			files = (
				5FA8946E20054061009D80A3 /* LaunchScreen.storyboard in Resources */,
				5FA8946B20054061009D80A3 /* Assets.xcassets in Resources */,
				5FA8946920054061009D80A3 /* Main.storyboard in Resources */,
			);
			runOnlyForDeploymentPostprocessing = 0;
		};
/* End PBXResourcesBuildPhase section */

/* Begin PBXShellScriptBuildPhase section */
		2D28D1216C08D563C511FD18 /* [CP] Check Pods Manifest.lock */ = {
			isa = PBXShellScriptBuildPhase;
			buildActionMask = 2147483647;
			files = (
			);
			inputPaths = (
				"${PODS_PODFILE_DIR_PATH}/Podfile.lock",
				"${PODS_ROOT}/Manifest.lock",
			);
			name = "[CP] Check Pods Manifest.lock";
			outputPaths = (
				"$(DERIVED_FILE_DIR)/Pods-WeatherApp-checkManifestLockResult.txt",
			);
			runOnlyForDeploymentPostprocessing = 0;
			shellPath = /bin/sh;
			shellScript = "diff \"${PODS_PODFILE_DIR_PATH}/Podfile.lock\" \"${PODS_ROOT}/Manifest.lock\" > /dev/null\nif [ $? != 0 ] ; then\n    # print error to STDERR\n    echo \"error: The sandbox is not in sync with the Podfile.lock. Run 'pod install' or update your CocoaPods installation.\" >&2\n    exit 1\nfi\n# This output is used by Xcode 'outputs' to avoid re-running this script phase.\necho \"SUCCESS\" > \"${SCRIPT_OUTPUT_FILE_0}\"\n";
			showEnvVarsInLog = 0;
		};
		68D155269856214371F39699 /* [CP] Copy Pods Resources */ = {
			isa = PBXShellScriptBuildPhase;
			buildActionMask = 2147483647;
			files = (
			);
			inputPaths = (
			);
			name = "[CP] Copy Pods Resources";
			outputPaths = (
			);
			runOnlyForDeploymentPostprocessing = 0;
			shellPath = /bin/sh;
			shellScript = "\"${SRCROOT}/Pods/Target Support Files/Pods-WeatherApp/Pods-WeatherApp-resources.sh\"\n";
			showEnvVarsInLog = 0;
		};
		6909EE7191A2F90B71211BC2 /* [CP] Embed Pods Frameworks */ = {
			isa = PBXShellScriptBuildPhase;
			buildActionMask = 2147483647;
			files = (
			);
			inputPaths = (
				"${SRCROOT}/Pods/Target Support Files/Pods-WeatherApp/Pods-WeatherApp-frameworks.sh",
				"${BUILT_PRODUCTS_DIR}/Alamofire/Alamofire.framework",
				"${BUILT_PRODUCTS_DIR}/AlamofireObjectMapper/AlamofireObjectMapper.framework",
				"${BUILT_PRODUCTS_DIR}/ObjectMapper/ObjectMapper.framework",
			);
			name = "[CP] Embed Pods Frameworks";
			outputPaths = (
				"${TARGET_BUILD_DIR}/${FRAMEWORKS_FOLDER_PATH}/Alamofire.framework",
				"${TARGET_BUILD_DIR}/${FRAMEWORKS_FOLDER_PATH}/AlamofireObjectMapper.framework",
				"${TARGET_BUILD_DIR}/${FRAMEWORKS_FOLDER_PATH}/ObjectMapper.framework",
			);
			runOnlyForDeploymentPostprocessing = 0;
			shellPath = /bin/sh;
			shellScript = "\"${SRCROOT}/Pods/Target Support Files/Pods-WeatherApp/Pods-WeatherApp-frameworks.sh\"\n";
			showEnvVarsInLog = 0;
		};
/* End PBXShellScriptBuildPhase section */

/* Begin PBXSourcesBuildPhase section */
		5FA8945C20054061009D80A3 /* Sources */ = {
			isa = PBXSourcesBuildPhase;
			buildActionMask = 2147483647;
			files = (
				5FA8948A20057504009D80A3 /* MainViewController.swift in Sources */,
				5FA8948220054B4B009D80A3 /* WeatherService.swift in Sources */,
				5FA8947C20054A29009D80A3 /* APIManager.swift in Sources */,
				5FA8946420054061009D80A3 /* AppDelegate.swift in Sources */,
				5FA8948620055295009D80A3 /* GeoCoordinate.swift in Sources */,
				5FA894882005536A009D80A3 /* Weather.swift in Sources */,
				5FA8948E20057B4C009D80A3 /* WeatherError.swift in Sources */,
			);
			runOnlyForDeploymentPostprocessing = 0;
		};
/* End PBXSourcesBuildPhase section */

/* Begin PBXVariantGroup section */
		5FA8946720054061009D80A3 /* Main.storyboard */ = {
			isa = PBXVariantGroup;
			children = (
				5FA8946820054061009D80A3 /* Base */,
			);
			name = Main.storyboard;
			sourceTree = "<group>";
		};
		5FA8946C20054061009D80A3 /* LaunchScreen.storyboard */ = {
			isa = PBXVariantGroup;
			children = (
				5FA8946D20054061009D80A3 /* Base */,
			);
			name = LaunchScreen.storyboard;
			sourceTree = "<group>";
		};
/* End PBXVariantGroup section */

/* Begin XCBuildConfiguration section */
		5FA8947020054061009D80A3 /* Debug */ = {
			isa = XCBuildConfiguration;
			buildSettings = {
				ALWAYS_SEARCH_USER_PATHS = NO;
				CLANG_ANALYZER_NONNULL = YES;
				CLANG_ANALYZER_NUMBER_OBJECT_CONVERSION = YES_AGGRESSIVE;
				CLANG_CXX_LANGUAGE_STANDARD = "gnu++14";
				CLANG_CXX_LIBRARY = "libc++";
				CLANG_ENABLE_MODULES = YES;
				CLANG_ENABLE_OBJC_ARC = YES;
				CLANG_WARN_BLOCK_CAPTURE_AUTORELEASING = YES;
				CLANG_WARN_BOOL_CONVERSION = YES;
				CLANG_WARN_COMMA = YES;
				CLANG_WARN_CONSTANT_CONVERSION = YES;
				CLANG_WARN_DIRECT_OBJC_ISA_USAGE = YES_ERROR;
				CLANG_WARN_DOCUMENTATION_COMMENTS = YES;
				CLANG_WARN_EMPTY_BODY = YES;
				CLANG_WARN_ENUM_CONVERSION = YES;
				CLANG_WARN_INFINITE_RECURSION = YES;
				CLANG_WARN_INT_CONVERSION = YES;
				CLANG_WARN_NON_LITERAL_NULL_CONVERSION = YES;
				CLANG_WARN_OBJC_LITERAL_CONVERSION = YES;
				CLANG_WARN_OBJC_ROOT_CLASS = YES_ERROR;
				CLANG_WARN_RANGE_LOOP_ANALYSIS = YES;
				CLANG_WARN_STRICT_PROTOTYPES = YES;
				CLANG_WARN_SUSPICIOUS_MOVE = YES;
				CLANG_WARN_UNGUARDED_AVAILABILITY = YES_AGGRESSIVE;
				CLANG_WARN_UNREACHABLE_CODE = YES;
				CLANG_WARN__DUPLICATE_METHOD_MATCH = YES;
				CODE_SIGN_IDENTITY = "iPhone Developer";
				COPY_PHASE_STRIP = NO;
				DEBUG_INFORMATION_FORMAT = dwarf;
				ENABLE_STRICT_OBJC_MSGSEND = YES;
				ENABLE_TESTABILITY = YES;
				GCC_C_LANGUAGE_STANDARD = gnu11;
				GCC_DYNAMIC_NO_PIC = NO;
				GCC_NO_COMMON_BLOCKS = YES;
				GCC_OPTIMIZATION_LEVEL = 0;
				GCC_PREPROCESSOR_DEFINITIONS = (
					"DEBUG=1",
					"$(inherited)",
				);
				GCC_WARN_64_TO_32_BIT_CONVERSION = YES;
				GCC_WARN_ABOUT_RETURN_TYPE = YES_ERROR;
				GCC_WARN_UNDECLARED_SELECTOR = YES;
				GCC_WARN_UNINITIALIZED_AUTOS = YES_AGGRESSIVE;
				GCC_WARN_UNUSED_FUNCTION = YES;
				GCC_WARN_UNUSED_VARIABLE = YES;
				IPHONEOS_DEPLOYMENT_TARGET = 11.2;
				MTL_ENABLE_DEBUG_INFO = YES;
				ONLY_ACTIVE_ARCH = YES;
				SDKROOT = iphoneos;
				SWIFT_ACTIVE_COMPILATION_CONDITIONS = DEBUG;
				SWIFT_OPTIMIZATION_LEVEL = "-Onone";
			};
			name = Debug;
		};
		5FA8947120054061009D80A3 /* Release */ = {
			isa = XCBuildConfiguration;
			buildSettings = {
				ALWAYS_SEARCH_USER_PATHS = NO;
				CLANG_ANALYZER_NONNULL = YES;
				CLANG_ANALYZER_NUMBER_OBJECT_CONVERSION = YES_AGGRESSIVE;
				CLANG_CXX_LANGUAGE_STANDARD = "gnu++14";
				CLANG_CXX_LIBRARY = "libc++";
				CLANG_ENABLE_MODULES = YES;
				CLANG_ENABLE_OBJC_ARC = YES;
				CLANG_WARN_BLOCK_CAPTURE_AUTORELEASING = YES;
				CLANG_WARN_BOOL_CONVERSION = YES;
				CLANG_WARN_COMMA = YES;
				CLANG_WARN_CONSTANT_CONVERSION = YES;
				CLANG_WARN_DIRECT_OBJC_ISA_USAGE = YES_ERROR;
				CLANG_WARN_DOCUMENTATION_COMMENTS = YES;
				CLANG_WARN_EMPTY_BODY = YES;
				CLANG_WARN_ENUM_CONVERSION = YES;
				CLANG_WARN_INFINITE_RECURSION = YES;
				CLANG_WARN_INT_CONVERSION = YES;
				CLANG_WARN_NON_LITERAL_NULL_CONVERSION = YES;
				CLANG_WARN_OBJC_LITERAL_CONVERSION = YES;
				CLANG_WARN_OBJC_ROOT_CLASS = YES_ERROR;
				CLANG_WARN_RANGE_LOOP_ANALYSIS = YES;
				CLANG_WARN_STRICT_PROTOTYPES = YES;
				CLANG_WARN_SUSPICIOUS_MOVE = YES;
				CLANG_WARN_UNGUARDED_AVAILABILITY = YES_AGGRESSIVE;
				CLANG_WARN_UNREACHABLE_CODE = YES;
				CLANG_WARN__DUPLICATE_METHOD_MATCH = YES;
				CODE_SIGN_IDENTITY = "iPhone Developer";
				COPY_PHASE_STRIP = NO;
				DEBUG_INFORMATION_FORMAT = "dwarf-with-dsym";
				ENABLE_NS_ASSERTIONS = NO;
				ENABLE_STRICT_OBJC_MSGSEND = YES;
				GCC_C_LANGUAGE_STANDARD = gnu11;
				GCC_NO_COMMON_BLOCKS = YES;
				GCC_WARN_64_TO_32_BIT_CONVERSION = YES;
				GCC_WARN_ABOUT_RETURN_TYPE = YES_ERROR;
				GCC_WARN_UNDECLARED_SELECTOR = YES;
				GCC_WARN_UNINITIALIZED_AUTOS = YES_AGGRESSIVE;
				GCC_WARN_UNUSED_FUNCTION = YES;
				GCC_WARN_UNUSED_VARIABLE = YES;
				IPHONEOS_DEPLOYMENT_TARGET = 11.2;
				MTL_ENABLE_DEBUG_INFO = NO;
				SDKROOT = iphoneos;
				SWIFT_OPTIMIZATION_LEVEL = "-Owholemodule";
				VALIDATE_PRODUCT = YES;
			};
			name = Release;
		};
		5FA8947320054061009D80A3 /* Debug */ = {
			isa = XCBuildConfiguration;
			baseConfigurationReference = D5FEAEF5A0C3A9C8FF40DDA7 /* Pods-WeatherApp.debug.xcconfig */;
			buildSettings = {
				ASSETCATALOG_COMPILER_APPICON_NAME = AppIcon;
				CODE_SIGN_STYLE = Automatic;
				DEVELOPMENT_TEAM = FQB7945LTG;
				INFOPLIST_FILE = WeatherApp/Info.plist;
				LD_RUNPATH_SEARCH_PATHS = "$(inherited) @executable_path/Frameworks";
				PRODUCT_BUNDLE_IDENTIFIER = nearsoft.WeatherApp;
				PRODUCT_NAME = "$(TARGET_NAME)";
				SWIFT_VERSION = 4.0;
				TARGETED_DEVICE_FAMILY = "1,2";
			};
			name = Debug;
		};
		5FA8947420054061009D80A3 /* Release */ = {
			isa = XCBuildConfiguration;
			baseConfigurationReference = 8CAAC6034D8D3CE3CFD742D7 /* Pods-WeatherApp.release.xcconfig */;
			buildSettings = {
				ASSETCATALOG_COMPILER_APPICON_NAME = AppIcon;
				CODE_SIGN_STYLE = Automatic;
				DEVELOPMENT_TEAM = FQB7945LTG;
				INFOPLIST_FILE = WeatherApp/Info.plist;
				LD_RUNPATH_SEARCH_PATHS = "$(inherited) @executable_path/Frameworks";
				PRODUCT_BUNDLE_IDENTIFIER = nearsoft.WeatherApp;
				PRODUCT_NAME = "$(TARGET_NAME)";
				SWIFT_VERSION = 4.0;
				TARGETED_DEVICE_FAMILY = "1,2";
			};
			name = Release;
		};
/* End XCBuildConfiguration section */

/* Begin XCConfigurationList section */
		5FA8945B20054061009D80A3 /* Build configuration list for PBXProject "WeatherApp" */ = {
			isa = XCConfigurationList;
			buildConfigurations = (
				5FA8947020054061009D80A3 /* Debug */,
				5FA8947120054061009D80A3 /* Release */,
			);
			defaultConfigurationIsVisible = 0;
			defaultConfigurationName = Release;
		};
		5FA8947220054061009D80A3 /* Build configuration list for PBXNativeTarget "WeatherApp" */ = {
			isa = XCConfigurationList;
			buildConfigurations = (
				5FA8947320054061009D80A3 /* Debug */,
				5FA8947420054061009D80A3 /* Release */,
			);
			defaultConfigurationIsVisible = 0;
			defaultConfigurationName = Release;
		};
/* End XCConfigurationList section */
	};
	rootObject = 5FA8945820054061009D80A3 /* Project object */;
}
